{
  "name": "important-project",
  "version": "1.0.0",
  "lockfileVersion": 3,
  "requires": true,
  "packages": {
    "": {
      "name": "important-project",
      "version": "1.0.0",
      "license": "ISC",
      "dependencies": {
        "malicious-package": "file:../malicious-package"
      }
    },
    "../malicious-package": {
      "version": "1.0.0",
      "hasInstallScript": true,
      "license": "ISC"
    },
    "node_modules/malicious-package": {
      "resolved": "../malicious-package",
      "link": true
    }
  }
}
